
Microsoft Visual Studio Solution File, Format Version 12.00
# Visual Studio Version 16
VisualStudioVersion = 16.0.30225.117
MinimumVisualStudioVersion = 10.0.40219.1
Project("{8BC9CEB8-8B4A-11D0-8D11-00A0C91BC942}") = "memory-allocator", "memory-allocator\memory-allocator.vcxproj", "{34A00C7B-57F1-48E4-AD1A-D09D8AEC1398}"
EndProject
Global
	GlobalSection(SolutionConfigurationPlatforms) = preSolution
		Debug|x64 = Debug|x64
		Debug|x86 = Debug|x86
		Release|x64 = Release|x64
		Release|x86 = Release|x86
	EndGlobalSection
	GlobalSection(ProjectConfigurationPlatforms) = postSolution
		{34A00C7B-57F1-48E4-AD1A-D09D8AEC1398}.Debug|x64.ActiveCfg = Debug|x64
		{34A00C7B-57F1-48E4-AD1A-D09D8AEC1398}.Debug|x64.Build.0 = Debug|x64
		{34A00C7B-57F1-48E4-AD1A-D09D8AEC1398}.Debug|x86.ActiveCfg = Debug|Win32
		{34A00C7B-57F1-48E4-AD1A-D09D8AEC1398}.Debug|x86.Build.0 = Debug|Win32
		{34A00C7B-57F1-48E4-AD1A-D09D8AEC1398}.Release|x64.ActiveCfg = Release|x64
		{34A00C7B-57F1-48E4-AD1A-D09D8AEC1398}.Release|x64.Build.0 = Release|x64
		{34A00C7B-57F1-48E4-AD1A-D09D8AEC1398}.Release|x86.ActiveCfg = Release|Win32
		{34A00C7B-57F1-48E4-AD1A-D09D8AEC1398}.Release|x86.Build.0 = Release|Win32
	EndGlobalSection
	GlobalSection(SolutionProperties) = preSolution
		HideSolutionNode = FALSE
	EndGlobalSection
	GlobalSection(ExtensibilityGlobals) = postSolution
		SolutionGuid = {75CACF1C-E949-43A9-BB57-F3ECEAB9B8AB}
	EndGlobalSection
EndGlobal
